
Microsoft Visual Studio Solution File, Format Version 12.00
# Visual Studio 15
VisualStudioVersion = 15.0.28307.1169
MinimumVisualStudioVersion = 10.0.40219.1
Project("{FAE04EC0-301F-11D3-BF4B-00C04F79EFBC}") = "WebService_WebAPI", "WebService_WebAPI\WebService_WebAPI.csproj", "{6AC2D8F1-998F-4D0F-84EF-3D48E4FE3CD0}"
EndProject
Global
	GlobalSection(SolutionConfigurationPlatforms) = preSolution
		Debug|Any CPU = Debug|Any CPU
		Release|Any CPU = Release|Any CPU
	EndGlobalSection
	GlobalSection(ProjectConfigurationPlatforms) = postSolution
		{6AC2D8F1-998F-4D0F-84EF-3D48E4FE3CD0}.Debug|Any CPU.ActiveCfg = Debug|Any CPU
		{6AC2D8F1-998F-4D0F-84EF-3D48E4FE3CD0}.Debug|Any CPU.Build.0 = Debug|Any CPU
		{6AC2D8F1-998F-4D0F-84EF-3D48E4FE3CD0}.Release|Any CPU.ActiveCfg = Release|Any CPU
		{6AC2D8F1-998F-4D0F-84EF-3D48E4FE3CD0}.Release|Any CPU.Build.0 = Release|Any CPU
	EndGlobalSection
	GlobalSection(SolutionProperties) = preSolution
		HideSolutionNode = FALSE
	EndGlobalSection
	GlobalSection(ExtensibilityGlobals) = postSolution
		SolutionGuid = {BF7BE606-C653-45E4-B77F-943859860EED}
	EndGlobalSection
EndGlobal
